
Microsoft Visual Studio Solution File, Format Version 12.00
# Visual Studio Version 16
VisualStudioVersion = 16.0.31624.102
MinimumVisualStudioVersion = 10.0.40219.1
Project("{FAE04EC0-301F-11D3-BF4B-00C04F79EFBC}") = "Application", "Application\Application.csproj", "{BD261C4B-E4AE-42FF-A7DF-15D5D1DBE34A}"
EndProject
Project("{FAE04EC0-301F-11D3-BF4B-00C04F79EFBC}") = "SubatomicParticles.UnitTests", "Neutron.UnitTests\SubatomicParticles.UnitTests.csproj", "{94CE01CC-3A24-4658-82FB-98F6D1CAC504}"
EndProject
Project("{FAE04EC0-301F-11D3-BF4B-00C04F79EFBC}") = "SubatomicParticles", "SubatomicParticles\SubatomicParticles.csproj", "{8269B2A0-6396-4EB8-9678-4862AF549544}"
EndProject
Project("{FAE04EC0-301F-11D3-BF4B-00C04F79EFBC}") = "Universe", "Universe\Universe.csproj", "{9D0AFFAC-B256-426F-AC5B-9EEFAABBDE4B}"
EndProject
Global
	GlobalSection(SolutionConfigurationPlatforms) = preSolution
		Debug|Any CPU = Debug|Any CPU
		Release|Any CPU = Release|Any CPU
	EndGlobalSection
	GlobalSection(ProjectConfigurationPlatforms) = postSolution
		{BD261C4B-E4AE-42FF-A7DF-15D5D1DBE34A}.Debug|Any CPU.ActiveCfg = Debug|Any CPU
		{BD261C4B-E4AE-42FF-A7DF-15D5D1DBE34A}.Debug|Any CPU.Build.0 = Debug|Any CPU
		{BD261C4B-E4AE-42FF-A7DF-15D5D1DBE34A}.Release|Any CPU.ActiveCfg = Release|Any CPU
		{BD261C4B-E4AE-42FF-A7DF-15D5D1DBE34A}.Release|Any CPU.Build.0 = Release|Any CPU
		{94CE01CC-3A24-4658-82FB-98F6D1CAC504}.Debug|Any CPU.ActiveCfg = Debug|Any CPU
		{94CE01CC-3A24-4658-82FB-98F6D1CAC504}.Debug|Any CPU.Build.0 = Debug|Any CPU
		{94CE01CC-3A24-4658-82FB-98F6D1CAC504}.Release|Any CPU.ActiveCfg = Release|Any CPU
		{94CE01CC-3A24-4658-82FB-98F6D1CAC504}.Release|Any CPU.Build.0 = Release|Any CPU
		{8269B2A0-6396-4EB8-9678-4862AF549544}.Debug|Any CPU.ActiveCfg = Debug|Any CPU
		{8269B2A0-6396-4EB8-9678-4862AF549544}.Debug|Any CPU.Build.0 = Debug|Any CPU
		{8269B2A0-6396-4EB8-9678-4862AF549544}.Release|Any CPU.ActiveCfg = Release|Any CPU
		{8269B2A0-6396-4EB8-9678-4862AF549544}.Release|Any CPU.Build.0 = Release|Any CPU
		{9D0AFFAC-B256-426F-AC5B-9EEFAABBDE4B}.Debug|Any CPU.ActiveCfg = Debug|Any CPU
		{9D0AFFAC-B256-426F-AC5B-9EEFAABBDE4B}.Debug|Any CPU.Build.0 = Debug|Any CPU
		{9D0AFFAC-B256-426F-AC5B-9EEFAABBDE4B}.Release|Any CPU.ActiveCfg = Release|Any CPU
		{9D0AFFAC-B256-426F-AC5B-9EEFAABBDE4B}.Release|Any CPU.Build.0 = Release|Any CPU
	EndGlobalSection
	GlobalSection(SolutionProperties) = preSolution
		HideSolutionNode = FALSE
	EndGlobalSection
	GlobalSection(ExtensibilityGlobals) = postSolution
		SolutionGuid = {A8E3E52F-2A85-4215-903F-88027B1A3BA0}
	EndGlobalSection
EndGlobal
