
Microsoft Visual Studio Solution File, Format Version 12.00
# Visual Studio Version 16
VisualStudioVersion = 16.0.31624.102
MinimumVisualStudioVersion = 10.0.40219.1
Project("{9A19103F-16F7-4668-BE54-9A1E7A4F7556}") = "Application", "Application\Application.csproj", "{BD261C4B-E4AE-42FF-A7DF-15D5D1DBE34A}"
EndProject
Project("{9A19103F-16F7-4668-BE54-9A1E7A4F7556}") = "Universe", "Universe\Universe.csproj", "{9D0AFFAC-B256-426F-AC5B-9EEFAABBDE4B}"
EndProject
Project("{9A19103F-16F7-4668-BE54-9A1E7A4F7556}") = "Universe.UnitTests", "Universe.UnitTests\Universe.UnitTests.csproj", "{FFCAC6C7-8B9E-4B55-A1F5-E9167922E1A2}"
EndProject
Project("{9A19103F-16F7-4668-BE54-9A1E7A4F7556}") = "Universe.Events", "MatterCreation\Universe.Events.csproj", "{218C82C0-C753-4924-BC14-BEBE5BEC93D0}"
EndProject
Global
	GlobalSection(SolutionConfigurationPlatforms) = preSolution
		Debug|Any CPU = Debug|Any CPU
		Release|Any CPU = Release|Any CPU
	EndGlobalSection
	GlobalSection(ProjectConfigurationPlatforms) = postSolution
		{BD261C4B-E4AE-42FF-A7DF-15D5D1DBE34A}.Debug|Any CPU.ActiveCfg = Debug|Any CPU
		{BD261C4B-E4AE-42FF-A7DF-15D5D1DBE34A}.Debug|Any CPU.Build.0 = Debug|Any CPU
		{BD261C4B-E4AE-42FF-A7DF-15D5D1DBE34A}.Release|Any CPU.ActiveCfg = Release|Any CPU
		{BD261C4B-E4AE-42FF-A7DF-15D5D1DBE34A}.Release|Any CPU.Build.0 = Release|Any CPU
		{9D0AFFAC-B256-426F-AC5B-9EEFAABBDE4B}.Debug|Any CPU.ActiveCfg = Debug|Any CPU
		{9D0AFFAC-B256-426F-AC5B-9EEFAABBDE4B}.Debug|Any CPU.Build.0 = Debug|Any CPU
		{9D0AFFAC-B256-426F-AC5B-9EEFAABBDE4B}.Release|Any CPU.ActiveCfg = Release|Any CPU
		{9D0AFFAC-B256-426F-AC5B-9EEFAABBDE4B}.Release|Any CPU.Build.0 = Release|Any CPU
		{FFCAC6C7-8B9E-4B55-A1F5-E9167922E1A2}.Debug|Any CPU.ActiveCfg = Debug|Any CPU
		{FFCAC6C7-8B9E-4B55-A1F5-E9167922E1A2}.Debug|Any CPU.Build.0 = Debug|Any CPU
		{FFCAC6C7-8B9E-4B55-A1F5-E9167922E1A2}.Release|Any CPU.ActiveCfg = Release|Any CPU
		{FFCAC6C7-8B9E-4B55-A1F5-E9167922E1A2}.Release|Any CPU.Build.0 = Release|Any CPU
		{218C82C0-C753-4924-BC14-BEBE5BEC93D0}.Debug|Any CPU.ActiveCfg = Debug|Any CPU
		{218C82C0-C753-4924-BC14-BEBE5BEC93D0}.Debug|Any CPU.Build.0 = Debug|Any CPU
		{218C82C0-C753-4924-BC14-BEBE5BEC93D0}.Release|Any CPU.ActiveCfg = Release|Any CPU
		{218C82C0-C753-4924-BC14-BEBE5BEC93D0}.Release|Any CPU.Build.0 = Release|Any CPU
	EndGlobalSection
	GlobalSection(SolutionProperties) = preSolution
		HideSolutionNode = FALSE
	EndGlobalSection
	GlobalSection(ExtensibilityGlobals) = postSolution
		SolutionGuid = {A8E3E52F-2A85-4215-903F-88027B1A3BA0}
	EndGlobalSection
EndGlobal
